// !$*UTF8*$!
{
	archiveVersion = 1;
	classes = {
	};
	objectVersion = 46;
	objects = {

/* Begin PBXBuildFile section */
		42755269190E898000FF1961 /* Foundation.framework in Frameworks */ = {isa = PBXBuildFile; fileRef = 42755268190E898000FF1961 /* Foundation.framework */; };
		4275526B190E898000FF1961 /* CoreGraphics.framework in Frameworks */ = {isa = PBXBuildFile; fileRef = 4275526A190E898000FF1961 /* CoreGraphics.framework */; };
		4275526D190E898000FF1961 /* UIKit.framework in Frameworks */ = {isa = PBXBuildFile; fileRef = 4275526C190E898000FF1961 /* UIKit.framework */; };
		42755273190E898000FF1961 /* InfoPlist.strings in Resources */ = {isa = PBXBuildFile; fileRef = 42755271190E898000FF1961 /* InfoPlist.strings */; };
		42755275190E898000FF1961 /* main.m in Sources */ = {isa = PBXBuildFile; fileRef = 42755274190E898000FF1961 /* main.m */; };
		42755279190E898000FF1961 /* LWAppDelegate.m in Sources */ = {isa = PBXBuildFile; fileRef = 42755278190E898000FF1961 /* LWAppDelegate.m */; };
		4275527C190E898000FF1961 /* Main.storyboard in Resources */ = {isa = PBXBuildFile; fileRef = 4275527A190E898000FF1961 /* Main.storyboard */; };
		4275527F190E898000FF1961 /* LWViewController.m in Sources */ = {isa = PBXBuildFile; fileRef = 4275527E190E898000FF1961 /* LWViewController.m */; };
		42755281190E898000FF1961 /* Images.xcassets in Resources */ = {isa = PBXBuildFile; fileRef = 42755280190E898000FF1961 /* Images.xcassets */; };
		42755288190E898000FF1961 /* XCTest.framework in Frameworks */ = {isa = PBXBuildFile; fileRef = 42755287190E898000FF1961 /* XCTest.framework */; };
		42755289190E898000FF1961 /* Foundation.framework in Frameworks */ = {isa = PBXBuildFile; fileRef = 42755268190E898000FF1961 /* Foundation.framework */; };
		4275528A190E898000FF1961 /* UIKit.framework in Frameworks */ = {isa = PBXBuildFile; fileRef = 4275526C190E898000FF1961 /* UIKit.framework */; };
		42755292190E898000FF1961 /* InfoPlist.strings in Resources */ = {isa = PBXBuildFile; fileRef = 42755290190E898000FF1961 /* InfoPlist.strings */; };
		42755294190E898000FF1961 /* Crochet_DesignerTests.m in Sources */ = {isa = PBXBuildFile; fileRef = 42755293190E898000FF1961 /* Crochet_DesignerTests.m */; };
		4275529F190E8C7A00FF1961 /* LWCell.m in Sources */ = {isa = PBXBuildFile; fileRef = 4275529E190E8C7A00FF1961 /* LWCell.m */; };
/* End PBXBuildFile section */

/* Begin PBXContainerItemProxy section */
		4275528B190E898000FF1961 /* PBXContainerItemProxy */ = {
			isa = PBXContainerItemProxy;
			containerPortal = 4275525D190E898000FF1961 /* Project object */;
			proxyType = 1;
			remoteGlobalIDString = 42755264190E898000FF1961;
			remoteInfo = "Crochet Designer";
		};
/* End PBXContainerItemProxy section */

/* Begin PBXFileReference section */
		42755265190E898000FF1961 /* Crochet Designer.app */ = {isa = PBXFileReference; explicitFileType = wrapper.application; includeInIndex = 0; path = "Crochet Designer.app"; sourceTree = BUILT_PRODUCTS_DIR; };
		42755268190E898000FF1961 /* Foundation.framework */ = {isa = PBXFileReference; lastKnownFileType = wrapper.framework; name = Foundation.framework; path = System/Library/Frameworks/Foundation.framework; sourceTree = SDKROOT; };
		4275526A190E898000FF1961 /* CoreGraphics.framework */ = {isa = PBXFileReference; lastKnownFileType = wrapper.framework; name = CoreGraphics.framework; path = System/Library/Frameworks/CoreGraphics.framework; sourceTree = SDKROOT; };
		4275526C190E898000FF1961 /* UIKit.framework */ = {isa = PBXFileReference; lastKnownFileType = wrapper.framework; name = UIKit.framework; path = System/Library/Frameworks/UIKit.framework; sourceTree = SDKROOT; };
		42755270190E898000FF1961 /* Crochet Designer-Info.plist */ = {isa = PBXFileReference; lastKnownFileType = text.plist.xml; path = "Crochet Designer-Info.plist"; sourceTree = "<group>"; };
		42755272190E898000FF1961 /* en */ = {isa = PBXFileReference; lastKnownFileType = text.plist.strings; name = en; path = en.lproj/InfoPlist.strings; sourceTree = "<group>"; };
		42755274190E898000FF1961 /* main.m */ = {isa = PBXFileReference; lastKnownFileType = sourcecode.c.objc; path = main.m; sourceTree = "<group>"; };
		42755276190E898000FF1961 /* Crochet Designer-Prefix.pch */ = {isa = PBXFileReference; lastKnownFileType = sourcecode.c.h; path = "Crochet Designer-Prefix.pch"; sourceTree = "<group>"; };
		42755277190E898000FF1961 /* LWAppDelegate.h */ = {isa = PBXFileReference; lastKnownFileType = sourcecode.c.h; path = LWAppDelegate.h; sourceTree = "<group>"; };
		42755278190E898000FF1961 /* LWAppDelegate.m */ = {isa = PBXFileReference; lastKnownFileType = sourcecode.c.objc; path = LWAppDelegate.m; sourceTree = "<group>"; };
		4275527B190E898000FF1961 /* Base */ = {isa = PBXFileReference; lastKnownFileType = file.storyboard; name = Base; path = Base.lproj/Main.storyboard; sourceTree = "<group>"; };
		4275527D190E898000FF1961 /* LWViewController.h */ = {isa = PBXFileReference; lastKnownFileType = sourcecode.c.h; path = LWViewController.h; sourceTree = "<group>"; };
		4275527E190E898000FF1961 /* LWViewController.m */ = {isa = PBXFileReference; lastKnownFileType = sourcecode.c.objc; path = LWViewController.m; sourceTree = "<group>"; };
		42755280190E898000FF1961 /* Images.xcassets */ = {isa = PBXFileReference; lastKnownFileType = folder.assetcatalog; path = Images.xcassets; sourceTree = "<group>"; };
		42755286190E898000FF1961 /* Crochet DesignerTests.xctest */ = {isa = PBXFileReference; explicitFileType = wrapper.cfbundle; includeInIndex = 0; path = "Crochet DesignerTests.xctest"; sourceTree = BUILT_PRODUCTS_DIR; };
		42755287190E898000FF1961 /* XCTest.framework */ = {isa = PBXFileReference; lastKnownFileType = wrapper.framework; name = XCTest.framework; path = Library/Frameworks/XCTest.framework; sourceTree = DEVELOPER_DIR; };
		4275528F190E898000FF1961 /* Crochet DesignerTests-Info.plist */ = {isa = PBXFileReference; lastKnownFileType = text.plist.xml; path = "Crochet DesignerTests-Info.plist"; sourceTree = "<group>"; };
		42755291190E898000FF1961 /* en */ = {isa = PBXFileReference; lastKnownFileType = text.plist.strings; name = en; path = en.lproj/InfoPlist.strings; sourceTree = "<group>"; };
		42755293190E898000FF1961 /* Crochet_DesignerTests.m */ = {isa = PBXFileReference; lastKnownFileType = sourcecode.c.objc; path = Crochet_DesignerTests.m; sourceTree = "<group>"; };
		4275529D190E8C7A00FF1961 /* LWCell.h */ = {isa = PBXFileReference; fileEncoding = 4; lastKnownFileType = sourcecode.c.h; name = LWCell.h; path = ../LWCell.h; sourceTree = "<group>"; };
		4275529E190E8C7A00FF1961 /* LWCell.m */ = {isa = PBXFileReference; fileEncoding = 4; lastKnownFileType = sourcecode.c.objc; name = LWCell.m; path = ../LWCell.m; sourceTree = "<group>"; };
/* End PBXFileReference section */

/* Begin PBXFrameworksBuildPhase section */
		42755262190E898000FF1961 /* Frameworks */ = {
			isa = PBXFrameworksBuildPhase;
			buildActionMask = 2147483647;
			files = (
				4275526B190E898000FF1961 /* CoreGraphics.framework in Frameworks */,
				4275526D190E898000FF1961 /* UIKit.framework in Frameworks */,
				42755269190E898000FF1961 /* Foundation.framework in Frameworks */,
			);
			runOnlyForDeploymentPostprocessing = 0;
		};
		42755283190E898000FF1961 /* Frameworks */ = {
			isa = PBXFrameworksBuildPhase;
			buildActionMask = 2147483647;
			files = (
				42755288190E898000FF1961 /* XCTest.framework in Frameworks */,
				4275528A190E898000FF1961 /* UIKit.framework in Frameworks */,
				42755289190E898000FF1961 /* Foundation.framework in Frameworks */,
			);
			runOnlyForDeploymentPostprocessing = 0;
		};
/* End PBXFrameworksBuildPhase section */

/* Begin PBXGroup section */
		4275525C190E898000FF1961 = {
			isa = PBXGroup;
			children = (
				4275526E190E898000FF1961 /* Crochet Designer */,
				4275528D190E898000FF1961 /* Crochet DesignerTests */,
				42755267190E898000FF1961 /* Frameworks */,
				42755266190E898000FF1961 /* Products */,
			);
			sourceTree = "<group>";
		};
		42755266190E898000FF1961 /* Products */ = {
			isa = PBXGroup;
			children = (
				42755265190E898000FF1961 /* Crochet Designer.app */,
				42755286190E898000FF1961 /* Crochet DesignerTests.xctest */,
			);
			name = Products;
			sourceTree = "<group>";
		};
		42755267190E898000FF1961 /* Frameworks */ = {
			isa = PBXGroup;
			children = (
				42755268190E898000FF1961 /* Foundation.framework */,
				4275526A190E898000FF1961 /* CoreGraphics.framework */,
				4275526C190E898000FF1961 /* UIKit.framework */,
				42755287190E898000FF1961 /* XCTest.framework */,
			);
			name = Frameworks;
			sourceTree = "<group>";
		};
		4275526E190E898000FF1961 /* Crochet Designer */ = {
			isa = PBXGroup;
			children = (
				4275529D190E8C7A00FF1961 /* LWCell.h */,
				4275529E190E8C7A00FF1961 /* LWCell.m */,
				42755277190E898000FF1961 /* LWAppDelegate.h */,
				42755278190E898000FF1961 /* LWAppDelegate.m */,
				4275527A190E898000FF1961 /* Main.storyboard */,
				4275527D190E898000FF1961 /* LWViewController.h */,
				4275527E190E898000FF1961 /* LWViewController.m */,
				42755280190E898000FF1961 /* Images.xcassets */,
				4275526F190E898000FF1961 /* Supporting Files */,
			);
			path = "Crochet Designer";
			sourceTree = "<group>";
		};
		4275526F190E898000FF1961 /* Supporting Files */ = {
			isa = PBXGroup;
			children = (
				42755270190E898000FF1961 /* Crochet Designer-Info.plist */,
				42755271190E898000FF1961 /* InfoPlist.strings */,
				42755274190E898000FF1961 /* main.m */,
				42755276190E898000FF1961 /* Crochet Designer-Prefix.pch */,
			);
			name = "Supporting Files";
			sourceTree = "<group>";
		};
		4275528D190E898000FF1961 /* Crochet DesignerTests */ = {
			isa = PBXGroup;
			children = (
				42755293190E898000FF1961 /* Crochet_DesignerTests.m */,
				4275528E190E898000FF1961 /* Supporting Files */,
			);
			path = "Crochet DesignerTests";
			sourceTree = "<group>";
		};
		4275528E190E898000FF1961 /* Supporting Files */ = {
			isa = PBXGroup;
			children = (
				4275528F190E898000FF1961 /* Crochet DesignerTests-Info.plist */,
				42755290190E898000FF1961 /* InfoPlist.strings */,
			);
			name = "Supporting Files";
			sourceTree = "<group>";
		};
/* End PBXGroup section */

/* Begin PBXNativeTarget section */
		42755264190E898000FF1961 /* Crochet Designer */ = {
			isa = PBXNativeTarget;
			buildConfigurationList = 42755297190E898000FF1961 /* Build configuration list for PBXNativeTarget "Crochet Designer" */;
			buildPhases = (
				42755261190E898000FF1961 /* Sources */,
				42755262190E898000FF1961 /* Frameworks */,
				42755263190E898000FF1961 /* Resources */,
			);
			buildRules = (
			);
			dependencies = (
			);
			name = "Crochet Designer";
			productName = "Crochet Designer";
			productReference = 42755265190E898000FF1961 /* Crochet Designer.app */;
			productType = "com.apple.product-type.application";
		};
		42755285190E898000FF1961 /* Crochet DesignerTests */ = {
			isa = PBXNativeTarget;
			buildConfigurationList = 4275529A190E898000FF1961 /* Build configuration list for PBXNativeTarget "Crochet DesignerTests" */;
			buildPhases = (
				42755282190E898000FF1961 /* Sources */,
				42755283190E898000FF1961 /* Frameworks */,
				42755284190E898000FF1961 /* Resources */,
			);
			buildRules = (
			);
			dependencies = (
				4275528C190E898000FF1961 /* PBXTargetDependency */,
			);
			name = "Crochet DesignerTests";
			productName = "Crochet DesignerTests";
			productReference = 42755286190E898000FF1961 /* Crochet DesignerTests.xctest */;
			productType = "com.apple.product-type.bundle.unit-test";
		};
/* End PBXNativeTarget section */

/* Begin PBXProject section */
		4275525D190E898000FF1961 /* Project object */ = {
			isa = PBXProject;
			attributes = {
				CLASSPREFIX = LW;
				LastUpgradeCheck = 0510;
				ORGANIZATIONNAME = "Lisa Weir";
				TargetAttributes = {
					42755285190E898000FF1961 = {
						TestTargetID = 42755264190E898000FF1961;
					};
				};
			};
			buildConfigurationList = 42755260190E898000FF1961 /* Build configuration list for PBXProject "Crochet Designer" */;
			compatibilityVersion = "Xcode 3.2";
			developmentRegion = English;
			hasScannedForEncodings = 0;
			knownRegions = (
				en,
				Base,
			);
			mainGroup = 4275525C190E898000FF1961;
			productRefGroup = 42755266190E898000FF1961 /* Products */;
			projectDirPath = "";
			projectRoot = "";
			targets = (
				42755264190E898000FF1961 /* Crochet Designer */,
				42755285190E898000FF1961 /* Crochet DesignerTests */,
			);
		};
/* End PBXProject section */

/* Begin PBXResourcesBuildPhase section */
		42755263190E898000FF1961 /* Resources */ = {
			isa = PBXResourcesBuildPhase;
			buildActionMask = 2147483647;
			files = (
				42755281190E898000FF1961 /* Images.xcassets in Resources */,
				42755273190E898000FF1961 /* InfoPlist.strings in Resources */,
				4275527C190E898000FF1961 /* Main.storyboard in Resources */,
			);
			runOnlyForDeploymentPostprocessing = 0;
		};
		42755284190E898000FF1961 /* Resources */ = {
			isa = PBXResourcesBuildPhase;
			buildActionMask = 2147483647;
			files = (
				42755292190E898000FF1961 /* InfoPlist.strings in Resources */,
			);
			runOnlyForDeploymentPostprocessing = 0;
		};
/* End PBXResourcesBuildPhase section */

/* Begin PBXSourcesBuildPhase section */
		42755261190E898000FF1961 /* Sources */ = {
			isa = PBXSourcesBuildPhase;
			buildActionMask = 2147483647;
			files = (
				42755275190E898000FF1961 /* main.m in Sources */,
				42755279190E898000FF1961 /* LWAppDelegate.m in Sources */,
				4275529F190E8C7A00FF1961 /* LWCell.m in Sources */,
				4275527F190E898000FF1961 /* LWViewController.m in Sources */,
			);
			runOnlyForDeploymentPostprocessing = 0;
		};
		42755282190E898000FF1961 /* Sources */ = {
			isa = PBXSourcesBuildPhase;
			buildActionMask = 2147483647;
			files = (
				42755294190E898000FF1961 /* Crochet_DesignerTests.m in Sources */,
			);
			runOnlyForDeploymentPostprocessing = 0;
		};
/* End PBXSourcesBuildPhase section */

/* Begin PBXTargetDependency section */
		4275528C190E898000FF1961 /* PBXTargetDependency */ = {
			isa = PBXTargetDependency;
			target = 42755264190E898000FF1961 /* Crochet Designer */;
			targetProxy = 4275528B190E898000FF1961 /* PBXContainerItemProxy */;
		};
/* End PBXTargetDependency section */

/* Begin PBXVariantGroup section */
		42755271190E898000FF1961 /* InfoPlist.strings */ = {
			isa = PBXVariantGroup;
			children = (
				42755272190E898000FF1961 /* en */,
			);
			name = InfoPlist.strings;
			sourceTree = "<group>";
		};
		4275527A190E898000FF1961 /* Main.storyboard */ = {
			isa = PBXVariantGroup;
			children = (
				4275527B190E898000FF1961 /* Base */,
			);
			name = Main.storyboard;
			sourceTree = "<group>";
		};
		42755290190E898000FF1961 /* InfoPlist.strings */ = {
			isa = PBXVariantGroup;
			children = (
				42755291190E898000FF1961 /* en */,
			);
			name = InfoPlist.strings;
			sourceTree = "<group>";
		};
/* End PBXVariantGroup section */

/* Begin XCBuildConfiguration section */
		42755295190E898000FF1961 /* Debug */ = {
			isa = XCBuildConfiguration;
			buildSettings = {
				ALWAYS_SEARCH_USER_PATHS = NO;
				CLANG_CXX_LANGUAGE_STANDARD = "gnu++0x";
				CLANG_CXX_LIBRARY = "libc++";
				CLANG_ENABLE_MODULES = YES;
				CLANG_ENABLE_OBJC_ARC = YES;
				CLANG_WARN_BOOL_CONVERSION = YES;
				CLANG_WARN_CONSTANT_CONVERSION = YES;
				CLANG_WARN_DIRECT_OBJC_ISA_USAGE = YES_ERROR;
				CLANG_WARN_EMPTY_BODY = YES;
				CLANG_WARN_ENUM_CONVERSION = YES;
				CLANG_WARN_INT_CONVERSION = YES;
				CLANG_WARN_OBJC_ROOT_CLASS = YES_ERROR;
				CLANG_WARN__DUPLICATE_METHOD_MATCH = YES;
				"CODE_SIGN_IDENTITY[sdk=iphoneos*]" = "iPhone Developer";
				COPY_PHASE_STRIP = NO;
				GCC_C_LANGUAGE_STANDARD = gnu99;
				GCC_DYNAMIC_NO_PIC = NO;
				GCC_OPTIMIZATION_LEVEL = 0;
				GCC_PREPROCESSOR_DEFINITIONS = (
					"DEBUG=1",
					"$(inherited)",
				);
				GCC_SYMBOLS_PRIVATE_EXTERN = NO;
				GCC_WARN_64_TO_32_BIT_CONVERSION = YES;
				GCC_WARN_ABOUT_RETURN_TYPE = YES_ERROR;
				GCC_WARN_UNDECLARED_SELECTOR = YES;
				GCC_WARN_UNINITIALIZED_AUTOS = YES_AGGRESSIVE;
				GCC_WARN_UNUSED_FUNCTION = YES;
				GCC_WARN_UNUSED_VARIABLE = YES;
				IPHONEOS_DEPLOYMENT_TARGET = 7.1;
				ONLY_ACTIVE_ARCH = YES;
				SDKROOT = iphoneos;
				TARGETED_DEVICE_FAMILY = 2;
			};
			name = Debug;
		};
		42755296190E898000FF1961 /* Release */ = {
			isa = XCBuildConfiguration;
			buildSettings = {
				ALWAYS_SEARCH_USER_PATHS = NO;
				CLANG_CXX_LANGUAGE_STANDARD = "gnu++0x";
				CLANG_CXX_LIBRARY = "libc++";
				CLANG_ENABLE_MODULES = YES;
				CLANG_ENABLE_OBJC_ARC = YES;
				CLANG_WARN_BOOL_CONVERSION = YES;
				CLANG_WARN_CONSTANT_CONVERSION = YES;
				CLANG_WARN_DIRECT_OBJC_ISA_USAGE = YES_ERROR;
				CLANG_WARN_EMPTY_BODY = YES;
				CLANG_WARN_ENUM_CONVERSION = YES;
				CLANG_WARN_INT_CONVERSION = YES;
				CLANG_WARN_OBJC_ROOT_CLASS = YES_ERROR;
				CLANG_WARN__DUPLICATE_METHOD_MATCH = YES;
				"CODE_SIGN_IDENTITY[sdk=iphoneos*]" = "iPhone Developer";
				COPY_PHASE_STRIP = YES;
				ENABLE_NS_ASSERTIONS = NO;
				GCC_C_LANGUAGE_STANDARD = gnu99;
				GCC_WARN_64_TO_32_BIT_CONVERSION = YES;
				GCC_WARN_ABOUT_RETURN_TYPE = YES_ERROR;
				GCC_WARN_UNDECLARED_SELECTOR = YES;
				GCC_WARN_UNINITIALIZED_AUTOS = YES_AGGRESSIVE;
				GCC_WARN_UNUSED_FUNCTION = YES;
				GCC_WARN_UNUSED_VARIABLE = YES;
				IPHONEOS_DEPLOYMENT_TARGET = 7.1;
				SDKROOT = iphoneos;
				TARGETED_DEVICE_FAMILY = 2;
				VALIDATE_PRODUCT = YES;
			};
			name = Release;
		};
		42755298190E898000FF1961 /* Debug */ = {
			isa = XCBuildConfiguration;
			buildSettings = {
				ASSETCATALOG_COMPILER_APPICON_NAME = AppIcon;
				ASSETCATALOG_COMPILER_LAUNCHIMAGE_NAME = LaunchImage;
				GCC_PRECOMPILE_PREFIX_HEADER = YES;
				GCC_PREFIX_HEADER = "Crochet Designer/Crochet Designer-Prefix.pch";
				INFOPLIST_FILE = "Crochet Designer/Crochet Designer-Info.plist";
				PRODUCT_NAME = "$(TARGET_NAME)";
				WRAPPER_EXTENSION = app;
			};
			name = Debug;
		};
		42755299190E898000FF1961 /* Release */ = {
			isa = XCBuildConfiguration;
			buildSettings = {
				ASSETCATALOG_COMPILER_APPICON_NAME = AppIcon;
				ASSETCATALOG_COMPILER_LAUNCHIMAGE_NAME = LaunchImage;
				GCC_PRECOMPILE_PREFIX_HEADER = YES;
				GCC_PREFIX_HEADER = "Crochet Designer/Crochet Designer-Prefix.pch";
				INFOPLIST_FILE = "Crochet Designer/Crochet Designer-Info.plist";
				PRODUCT_NAME = "$(TARGET_NAME)";
				WRAPPER_EXTENSION = app;
			};
			name = Release;
		};
		4275529B190E898000FF1961 /* Debug */ = {
			isa = XCBuildConfiguration;
			buildSettings = {
				BUNDLE_LOADER = "$(BUILT_PRODUCTS_DIR)/Crochet Designer.app/Crochet Designer";
				FRAMEWORK_SEARCH_PATHS = (
					"$(SDKROOT)/Developer/Library/Frameworks",
					"$(inherited)",
					"$(DEVELOPER_FRAMEWORKS_DIR)",
				);
				GCC_PRECOMPILE_PREFIX_HEADER = YES;
				GCC_PREFIX_HEADER = "Crochet Designer/Crochet Designer-Prefix.pch";
				GCC_PREPROCESSOR_DEFINITIONS = (
					"DEBUG=1",
					"$(inherited)",
				);
				INFOPLIST_FILE = "Crochet DesignerTests/Crochet DesignerTests-Info.plist";
				PRODUCT_NAME = "$(TARGET_NAME)";
				TEST_HOST = "$(BUNDLE_LOADER)";
				WRAPPER_EXTENSION = xctest;
			};
			name = Debug;
		};
		4275529C190E898000FF1961 /* Release */ = {
			isa = XCBuildConfiguration;
			buildSettings = {
				BUNDLE_LOADER = "$(BUILT_PRODUCTS_DIR)/Crochet Designer.app/Crochet Designer";
				FRAMEWORK_SEARCH_PATHS = (
					"$(SDKROOT)/Developer/Library/Frameworks",
					"$(inherited)",
					"$(DEVELOPER_FRAMEWORKS_DIR)",
				);
				GCC_PRECOMPILE_PREFIX_HEADER = YES;
				GCC_PREFIX_HEADER = "Crochet Designer/Crochet Designer-Prefix.pch";
				INFOPLIST_FILE = "Crochet DesignerTests/Crochet DesignerTests-Info.plist";
				PRODUCT_NAME = "$(TARGET_NAME)";
				TEST_HOST = "$(BUNDLE_LOADER)";
				WRAPPER_EXTENSION = xctest;
			};
			name = Release;
		};
/* End XCBuildConfiguration section */

/* Begin XCConfigurationList section */
		42755260190E898000FF1961 /* Build configuration list for PBXProject "Crochet Designer" */ = {
			isa = XCConfigurationList;
			buildConfigurations = (
				42755295190E898000FF1961 /* Debug */,
				42755296190E898000FF1961 /* Release */,
			);
			defaultConfigurationIsVisible = 0;
			defaultConfigurationName = Release;
		};
		42755297190E898000FF1961 /* Build configuration list for PBXNativeTarget "Crochet Designer" */ = {
			isa = XCConfigurationList;
			buildConfigurations = (
				42755298190E898000FF1961 /* Debug */,
				42755299190E898000FF1961 /* Release */,
			);
			defaultConfigurationIsVisible = 0;
		};
		4275529A190E898000FF1961 /* Build configuration list for PBXNativeTarget "Crochet DesignerTests" */ = {
			isa = XCConfigurationList;
			buildConfigurations = (
				4275529B190E898000FF1961 /* Debug */,
				4275529C190E898000FF1961 /* Release */,
			);
			defaultConfigurationIsVisible = 0;
		};
/* End XCConfigurationList section */
	};
	rootObject = 4275525D190E898000FF1961 /* Project object */;
}
